// !$*UTF8*$!
{
	archiveVersion = 1;
	classes = {
	};
	objectVersion = 56;
	objects = {

/* Begin PBXBuildFile section */
		3D8533D329793849004DFB9E /* SettingsSwiftUIApp.swift in Sources */ = {isa = PBXBuildFile; fileRef = 3D8533D229793849004DFB9E /* SettingsSwiftUIApp.swift */; };
		3D8533D529793849004DFB9E /* ContentView.swift in Sources */ = {isa = PBXBuildFile; fileRef = 3D8533D429793849004DFB9E /* ContentView.swift */; };
		3D8533D72979384A004DFB9E /* Assets.xcassets in Resources */ = {isa = PBXBuildFile; fileRef = 3D8533D62979384A004DFB9E /* Assets.xcassets */; };
		3D8533DA2979384A004DFB9E /* Preview Assets.xcassets in Resources */ = {isa = PBXBuildFile; fileRef = 3D8533D92979384A004DFB9E /* Preview Assets.xcassets */; };
		3D8533E42979384A004DFB9E /* SettingsSwiftUITests.swift in Sources */ = {isa = PBXBuildFile; fileRef = 3D8533E32979384A004DFB9E /* SettingsSwiftUITests.swift */; };
		3D8533EE2979384A004DFB9E /* SettingsSwiftUIUITests.swift in Sources */ = {isa = PBXBuildFile; fileRef = 3D8533ED2979384A004DFB9E /* SettingsSwiftUIUITests.swift */; };
		3D8533F02979384A004DFB9E /* SettingsSwiftUIUITestsLaunchTests.swift in Sources */ = {isa = PBXBuildFile; fileRef = 3D8533EF2979384A004DFB9E /* SettingsSwiftUIUITestsLaunchTests.swift */; };
/* End PBXBuildFile section */

/* Begin PBXContainerItemProxy section */
		3D8533E02979384A004DFB9E /* PBXContainerItemProxy */ = {
			isa = PBXContainerItemProxy;
			containerPortal = 3D8533C729793849004DFB9E /* Project object */;
			proxyType = 1;
			remoteGlobalIDString = 3D8533CE29793849004DFB9E;
			remoteInfo = SettingsSwiftUI;
		};
		3D8533EA2979384A004DFB9E /* PBXContainerItemProxy */ = {
			isa = PBXContainerItemProxy;
			containerPortal = 3D8533C729793849004DFB9E /* Project object */;
			proxyType = 1;
			remoteGlobalIDString = 3D8533CE29793849004DFB9E;
			remoteInfo = SettingsSwiftUI;
		};
/* End PBXContainerItemProxy section */

/* Begin PBXFileReference section */
		3D8533CF29793849004DFB9E /* SettingsSwiftUI.app */ = {isa = PBXFileReference; explicitFileType = wrapper.application; includeInIndex = 0; path = SettingsSwiftUI.app; sourceTree = BUILT_PRODUCTS_DIR; };
		3D8533D229793849004DFB9E /* SettingsSwiftUIApp.swift */ = {isa = PBXFileReference; lastKnownFileType = sourcecode.swift; path = SettingsSwiftUIApp.swift; sourceTree = "<group>"; };
		3D8533D429793849004DFB9E /* ContentView.swift */ = {isa = PBXFileReference; lastKnownFileType = sourcecode.swift; path = ContentView.swift; sourceTree = "<group>"; };
		3D8533D62979384A004DFB9E /* Assets.xcassets */ = {isa = PBXFileReference; lastKnownFileType = folder.assetcatalog; path = Assets.xcassets; sourceTree = "<group>"; };
		3D8533D92979384A004DFB9E /* Preview Assets.xcassets */ = {isa = PBXFileReference; lastKnownFileType = folder.assetcatalog; path = "Preview Assets.xcassets"; sourceTree = "<group>"; };
		3D8533DF2979384A004DFB9E /* SettingsSwiftUITests.xctest */ = {isa = PBXFileReference; explicitFileType = wrapper.cfbundle; includeInIndex = 0; path = SettingsSwiftUITests.xctest; sourceTree = BUILT_PRODUCTS_DIR; };
		3D8533E32979384A004DFB9E /* SettingsSwiftUITests.swift */ = {isa = PBXFileReference; lastKnownFileType = sourcecode.swift; path = SettingsSwiftUITests.swift; sourceTree = "<group>"; };
		3D8533E92979384A004DFB9E /* SettingsSwiftUIUITests.xctest */ = {isa = PBXFileReference; explicitFileType = wrapper.cfbundle; includeInIndex = 0; path = SettingsSwiftUIUITests.xctest; sourceTree = BUILT_PRODUCTS_DIR; };
		3D8533ED2979384A004DFB9E /* SettingsSwiftUIUITests.swift */ = {isa = PBXFileReference; lastKnownFileType = sourcecode.swift; path = SettingsSwiftUIUITests.swift; sourceTree = "<group>"; };
		3D8533EF2979384A004DFB9E /* SettingsSwiftUIUITestsLaunchTests.swift */ = {isa = PBXFileReference; lastKnownFileType = sourcecode.swift; path = SettingsSwiftUIUITestsLaunchTests.swift; sourceTree = "<group>"; };
/* End PBXFileReference section */

/* Begin PBXFrameworksBuildPhase section */
		3D8533CC29793849004DFB9E /* Frameworks */ = {
			isa = PBXFrameworksBuildPhase;
			buildActionMask = 2147483647;
			files = (
			);
			runOnlyForDeploymentPostprocessing = 0;
		};
		3D8533DC2979384A004DFB9E /* Frameworks */ = {
			isa = PBXFrameworksBuildPhase;
			buildActionMask = 2147483647;
			files = (
			);
			runOnlyForDeploymentPostprocessing = 0;
		};
		3D8533E62979384A004DFB9E /* Frameworks */ = {
			isa = PBXFrameworksBuildPhase;
			buildActionMask = 2147483647;
			files = (
			);
			runOnlyForDeploymentPostprocessing = 0;
		};
/* End PBXFrameworksBuildPhase section */

/* Begin PBXGroup section */
		3D8533C629793849004DFB9E = {
			isa = PBXGroup;
			children = (
				3D8533D129793849004DFB9E /* SettingsSwiftUI */,
				3D8533E22979384A004DFB9E /* SettingsSwiftUITests */,
				3D8533EC2979384A004DFB9E /* SettingsSwiftUIUITests */,
				3D8533D029793849004DFB9E /* Products */,
			);
			sourceTree = "<group>";
		};
		3D8533D029793849004DFB9E /* Products */ = {
			isa = PBXGroup;
			children = (
				3D8533CF29793849004DFB9E /* SettingsSwiftUI.app */,
				3D8533DF2979384A004DFB9E /* SettingsSwiftUITests.xctest */,
				3D8533E92979384A004DFB9E /* SettingsSwiftUIUITests.xctest */,
			);
			name = Products;
			sourceTree = "<group>";
		};
		3D8533D129793849004DFB9E /* SettingsSwiftUI */ = {
			isa = PBXGroup;
			children = (
				3D8533D229793849004DFB9E /* SettingsSwiftUIApp.swift */,
				3D8533D429793849004DFB9E /* ContentView.swift */,
				3D8533D62979384A004DFB9E /* Assets.xcassets */,
				3D8533D82979384A004DFB9E /* Preview Content */,
			);
			path = SettingsSwiftUI;
			sourceTree = "<group>";
		};
		3D8533D82979384A004DFB9E /* Preview Content */ = {
			isa = PBXGroup;
			children = (
				3D8533D92979384A004DFB9E /* Preview Assets.xcassets */,
			);
			path = "Preview Content";
			sourceTree = "<group>";
		};
		3D8533E22979384A004DFB9E /* SettingsSwiftUITests */ = {
			isa = PBXGroup;
			children = (
				3D8533E32979384A004DFB9E /* SettingsSwiftUITests.swift */,
			);
			path = SettingsSwiftUITests;
			sourceTree = "<group>";
		};
		3D8533EC2979384A004DFB9E /* SettingsSwiftUIUITests */ = {
			isa = PBXGroup;
			children = (
				3D8533ED2979384A004DFB9E /* SettingsSwiftUIUITests.swift */,
				3D8533EF2979384A004DFB9E /* SettingsSwiftUIUITestsLaunchTests.swift */,
			);
			path = SettingsSwiftUIUITests;
			sourceTree = "<group>";
		};
/* End PBXGroup section */

/* Begin PBXNativeTarget section */
		3D8533CE29793849004DFB9E /* SettingsSwiftUI */ = {
			isa = PBXNativeTarget;
			buildConfigurationList = 3D8533F32979384A004DFB9E /* Build configuration list for PBXNativeTarget "SettingsSwiftUI" */;
			buildPhases = (
				3D8533CB29793849004DFB9E /* Sources */,
				3D8533CC29793849004DFB9E /* Frameworks */,
				3D8533CD29793849004DFB9E /* Resources */,
			);
			buildRules = (
			);
			dependencies = (
			);
			name = SettingsSwiftUI;
			productName = SettingsSwiftUI;
			productReference = 3D8533CF29793849004DFB9E /* SettingsSwiftUI.app */;
			productType = "com.apple.product-type.application";
		};
		3D8533DE2979384A004DFB9E /* SettingsSwiftUITests */ = {
			isa = PBXNativeTarget;
			buildConfigurationList = 3D8533F62979384A004DFB9E /* Build configuration list for PBXNativeTarget "SettingsSwiftUITests" */;
			buildPhases = (
				3D8533DB2979384A004DFB9E /* Sources */,
				3D8533DC2979384A004DFB9E /* Frameworks */,
				3D8533DD2979384A004DFB9E /* Resources */,
			);
			buildRules = (
			);
			dependencies = (
				3D8533E12979384A004DFB9E /* PBXTargetDependency */,
			);
			name = SettingsSwiftUITests;
			productName = SettingsSwiftUITests;
			productReference = 3D8533DF2979384A004DFB9E /* SettingsSwiftUITests.xctest */;
			productType = "com.apple.product-type.bundle.unit-test";
		};
		3D8533E82979384A004DFB9E /* SettingsSwiftUIUITests */ = {
			isa = PBXNativeTarget;
			buildConfigurationList = 3D8533F92979384A004DFB9E /* Build configuration list for PBXNativeTarget "SettingsSwiftUIUITests" */;
			buildPhases = (
				3D8533E52979384A004DFB9E /* Sources */,
				3D8533E62979384A004DFB9E /* Frameworks */,
				3D8533E72979384A004DFB9E /* Resources */,
			);
			buildRules = (
			);
			dependencies = (
				3D8533EB2979384A004DFB9E /* PBXTargetDependency */,
			);
			name = SettingsSwiftUIUITests;
			productName = SettingsSwiftUIUITests;
			productReference = 3D8533E92979384A004DFB9E /* SettingsSwiftUIUITests.xctest */;
			productType = "com.apple.product-type.bundle.ui-testing";
		};
/* End PBXNativeTarget section */

/* Begin PBXProject section */
		3D8533C729793849004DFB9E /* Project object */ = {
			isa = PBXProject;
			attributes = {
				BuildIndependentTargetsInParallel = 1;
				LastSwiftUpdateCheck = 1420;
				LastUpgradeCheck = 1420;
				TargetAttributes = {
					3D8533CE29793849004DFB9E = {
						CreatedOnToolsVersion = 14.2;
					};
					3D8533DE2979384A004DFB9E = {
						CreatedOnToolsVersion = 14.2;
						TestTargetID = 3D8533CE29793849004DFB9E;
					};
					3D8533E82979384A004DFB9E = {
						CreatedOnToolsVersion = 14.2;
						TestTargetID = 3D8533CE29793849004DFB9E;
					};
				};
			};
			buildConfigurationList = 3D8533CA29793849004DFB9E /* Build configuration list for PBXProject "SettingsSwiftUI" */;
			compatibilityVersion = "Xcode 14.0";
			developmentRegion = en;
			hasScannedForEncodings = 0;
			knownRegions = (
				en,
				Base,
			);
			mainGroup = 3D8533C629793849004DFB9E;
			productRefGroup = 3D8533D029793849004DFB9E /* Products */;
			projectDirPath = "";
			projectRoot = "";
			targets = (
				3D8533CE29793849004DFB9E /* SettingsSwiftUI */,
				3D8533DE2979384A004DFB9E /* SettingsSwiftUITests */,
				3D8533E82979384A004DFB9E /* SettingsSwiftUIUITests */,
			);
		};
/* End PBXProject section */

/* Begin PBXResourcesBuildPhase section */
		3D8533CD29793849004DFB9E /* Resources */ = {
			isa = PBXResourcesBuildPhase;
			buildActionMask = 2147483647;
			files = (
				3D8533DA2979384A004DFB9E /* Preview Assets.xcassets in Resources */,
				3D8533D72979384A004DFB9E /* Assets.xcassets in Resources */,
			);
			runOnlyForDeploymentPostprocessing = 0;
		};
		3D8533DD2979384A004DFB9E /* Resources */ = {
			isa = PBXResourcesBuildPhase;
			buildActionMask = 2147483647;
			files = (
			);
			runOnlyForDeploymentPostprocessing = 0;
		};
		3D8533E72979384A004DFB9E /* Resources */ = {
			isa = PBXResourcesBuildPhase;
			buildActionMask = 2147483647;
			files = (
			);
			runOnlyForDeploymentPostprocessing = 0;
		};
/* End PBXResourcesBuildPhase section */

/* Begin PBXSourcesBuildPhase section */
		3D8533CB29793849004DFB9E /* Sources */ = {
			isa = PBXSourcesBuildPhase;
			buildActionMask = 2147483647;
			files = (
				3D8533D529793849004DFB9E /* ContentView.swift in Sources */,
				3D8533D329793849004DFB9E /* SettingsSwiftUIApp.swift in Sources */,
			);
			runOnlyForDeploymentPostprocessing = 0;
		};
		3D8533DB2979384A004DFB9E /* Sources */ = {
			isa = PBXSourcesBuildPhase;
			buildActionMask = 2147483647;
			files = (
				3D8533E42979384A004DFB9E /* SettingsSwiftUITests.swift in Sources */,
			);
			runOnlyForDeploymentPostprocessing = 0;
		};
		3D8533E52979384A004DFB9E /* Sources */ = {
			isa = PBXSourcesBuildPhase;
			buildActionMask = 2147483647;
			files = (
				3D8533EE2979384A004DFB9E /* SettingsSwiftUIUITests.swift in Sources */,
				3D8533F02979384A004DFB9E /* SettingsSwiftUIUITestsLaunchTests.swift in Sources */,
			);
			runOnlyForDeploymentPostprocessing = 0;
		};
/* End PBXSourcesBuildPhase section */

/* Begin PBXTargetDependency section */
		3D8533E12979384A004DFB9E /* PBXTargetDependency */ = {
			isa = PBXTargetDependency;
			target = 3D8533CE29793849004DFB9E /* SettingsSwiftUI */;
			targetProxy = 3D8533E02979384A004DFB9E /* PBXContainerItemProxy */;
		};
		3D8533EB2979384A004DFB9E /* PBXTargetDependency */ = {
			isa = PBXTargetDependency;
			target = 3D8533CE29793849004DFB9E /* SettingsSwiftUI */;
			targetProxy = 3D8533EA2979384A004DFB9E /* PBXContainerItemProxy */;
		};
/* End PBXTargetDependency section */

/* Begin XCBuildConfiguration section */
		3D8533F12979384A004DFB9E /* Debug */ = {
			isa = XCBuildConfiguration;
			buildSettings = {
				ALWAYS_SEARCH_USER_PATHS = NO;
				CLANG_ANALYZER_NONNULL = YES;
				CLANG_ANALYZER_NUMBER_OBJECT_CONVERSION = YES_AGGRESSIVE;
				CLANG_CXX_LANGUAGE_STANDARD = "gnu++20";
				CLANG_ENABLE_MODULES = YES;
				CLANG_ENABLE_OBJC_ARC = YES;
				CLANG_ENABLE_OBJC_WEAK = YES;
				CLANG_WARN_BLOCK_CAPTURE_AUTORELEASING = YES;
				CLANG_WARN_BOOL_CONVERSION = YES;
				CLANG_WARN_COMMA = YES;
				CLANG_WARN_CONSTANT_CONVERSION = YES;
				CLANG_WARN_DEPRECATED_OBJC_IMPLEMENTATIONS = YES;
				CLANG_WARN_DIRECT_OBJC_ISA_USAGE = YES_ERROR;
				CLANG_WARN_DOCUMENTATION_COMMENTS = YES;
				CLANG_WARN_EMPTY_BODY = YES;
				CLANG_WARN_ENUM_CONVERSION = YES;
				CLANG_WARN_INFINITE_RECURSION = YES;
				CLANG_WARN_INT_CONVERSION = YES;
				CLANG_WARN_NON_LITERAL_NULL_CONVERSION = YES;
				CLANG_WARN_OBJC_IMPLICIT_RETAIN_SELF = YES;
				CLANG_WARN_OBJC_LITERAL_CONVERSION = YES;
				CLANG_WARN_OBJC_ROOT_CLASS = YES_ERROR;
				CLANG_WARN_QUOTED_INCLUDE_IN_FRAMEWORK_HEADER = YES;
				CLANG_WARN_RANGE_LOOP_ANALYSIS = YES;
				CLANG_WARN_STRICT_PROTOTYPES = YES;
				CLANG_WARN_SUSPICIOUS_MOVE = YES;
				CLANG_WARN_UNGUARDED_AVAILABILITY = YES_AGGRESSIVE;
				CLANG_WARN_UNREACHABLE_CODE = YES;
				CLANG_WARN__DUPLICATE_METHOD_MATCH = YES;
				COPY_PHASE_STRIP = NO;
				DEBUG_INFORMATION_FORMAT = dwarf;
				ENABLE_STRICT_OBJC_MSGSEND = YES;
				ENABLE_TESTABILITY = YES;
				GCC_C_LANGUAGE_STANDARD = gnu11;
				GCC_DYNAMIC_NO_PIC = NO;
				GCC_NO_COMMON_BLOCKS = YES;
				GCC_OPTIMIZATION_LEVEL = 0;
				GCC_PREPROCESSOR_DEFINITIONS = (
					"DEBUG=1",
					"$(inherited)",
				);
				GCC_WARN_64_TO_32_BIT_CONVERSION = YES;
				GCC_WARN_ABOUT_RETURN_TYPE = YES_ERROR;
				GCC_WARN_UNDECLARED_SELECTOR = YES;
				GCC_WARN_UNINITIALIZED_AUTOS = YES_AGGRESSIVE;
				GCC_WARN_UNUSED_FUNCTION = YES;
				GCC_WARN_UNUSED_VARIABLE = YES;
				IPHONEOS_DEPLOYMENT_TARGET = 16.2;
				MTL_ENABLE_DEBUG_INFO = INCLUDE_SOURCE;
				MTL_FAST_MATH = YES;
				ONLY_ACTIVE_ARCH = YES;
				SDKROOT = iphoneos;
				SWIFT_ACTIVE_COMPILATION_CONDITIONS = DEBUG;
				SWIFT_OPTIMIZATION_LEVEL = "-Onone";
			};
			name = Debug;
		};
		3D8533F22979384A004DFB9E /* Release */ = {
			isa = XCBuildConfiguration;
			buildSettings = {
				ALWAYS_SEARCH_USER_PATHS = NO;
				CLANG_ANALYZER_NONNULL = YES;
				CLANG_ANALYZER_NUMBER_OBJECT_CONVERSION = YES_AGGRESSIVE;
				CLANG_CXX_LANGUAGE_STANDARD = "gnu++20";
				CLANG_ENABLE_MODULES = YES;
				CLANG_ENABLE_OBJC_ARC = YES;
				CLANG_ENABLE_OBJC_WEAK = YES;
				CLANG_WARN_BLOCK_CAPTURE_AUTORELEASING = YES;
				CLANG_WARN_BOOL_CONVERSION = YES;
				CLANG_WARN_COMMA = YES;
				CLANG_WARN_CONSTANT_CONVERSION = YES;
				CLANG_WARN_DEPRECATED_OBJC_IMPLEMENTATIONS = YES;
				CLANG_WARN_DIRECT_OBJC_ISA_USAGE = YES_ERROR;
				CLANG_WARN_DOCUMENTATION_COMMENTS = YES;
				CLANG_WARN_EMPTY_BODY = YES;
				CLANG_WARN_ENUM_CONVERSION = YES;
				CLANG_WARN_INFINITE_RECURSION = YES;
				CLANG_WARN_INT_CONVERSION = YES;
				CLANG_WARN_NON_LITERAL_NULL_CONVERSION = YES;
				CLANG_WARN_OBJC_IMPLICIT_RETAIN_SELF = YES;
				CLANG_WARN_OBJC_LITERAL_CONVERSION = YES;
				CLANG_WARN_OBJC_ROOT_CLASS = YES_ERROR;
				CLANG_WARN_QUOTED_INCLUDE_IN_FRAMEWORK_HEADER = YES;
				CLANG_WARN_RANGE_LOOP_ANALYSIS = YES;
				CLANG_WARN_STRICT_PROTOTYPES = YES;
				CLANG_WARN_SUSPICIOUS_MOVE = YES;
				CLANG_WARN_UNGUARDED_AVAILABILITY = YES_AGGRESSIVE;
				CLANG_WARN_UNREACHABLE_CODE = YES;
				CLANG_WARN__DUPLICATE_METHOD_MATCH = YES;
				COPY_PHASE_STRIP = NO;
				DEBUG_INFORMATION_FORMAT = "dwarf-with-dsym";
				ENABLE_NS_ASSERTIONS = NO;
				ENABLE_STRICT_OBJC_MSGSEND = YES;
				GCC_C_LANGUAGE_STANDARD = gnu11;
				GCC_NO_COMMON_BLOCKS = YES;
				GCC_WARN_64_TO_32_BIT_CONVERSION = YES;
				GCC_WARN_ABOUT_RETURN_TYPE = YES_ERROR;
				GCC_WARN_UNDECLARED_SELECTOR = YES;
				GCC_WARN_UNINITIALIZED_AUTOS = YES_AGGRESSIVE;
				GCC_WARN_UNUSED_FUNCTION = YES;
				GCC_WARN_UNUSED_VARIABLE = YES;
				IPHONEOS_DEPLOYMENT_TARGET = 16.2;
				MTL_ENABLE_DEBUG_INFO = NO;
				MTL_FAST_MATH = YES;
				SDKROOT = iphoneos;
				SWIFT_COMPILATION_MODE = wholemodule;
				SWIFT_OPTIMIZATION_LEVEL = "-O";
				VALIDATE_PRODUCT = YES;
			};
			name = Release;
		};
		3D8533F42979384A004DFB9E /* Debug */ = {
			isa = XCBuildConfiguration;
			buildSettings = {
				ASSETCATALOG_COMPILER_APPICON_NAME = AppIcon;
				ASSETCATALOG_COMPILER_GLOBAL_ACCENT_COLOR_NAME = AccentColor;
				CODE_SIGN_STYLE = Automatic;
				CURRENT_PROJECT_VERSION = 1;
				DEVELOPMENT_ASSET_PATHS = "\"SettingsSwiftUI/Preview Content\"";
				DEVELOPMENT_TEAM = LT5ZADXQMP;
				ENABLE_PREVIEWS = YES;
				GENERATE_INFOPLIST_FILE = YES;
				INFOPLIST_KEY_UIApplicationSceneManifest_Generation = YES;
				INFOPLIST_KEY_UIApplicationSupportsIndirectInputEvents = YES;
				INFOPLIST_KEY_UILaunchScreen_Generation = YES;
				INFOPLIST_KEY_UISupportedInterfaceOrientations_iPad = "UIInterfaceOrientationPortrait UIInterfaceOrientationPortraitUpsideDown UIInterfaceOrientationLandscapeLeft UIInterfaceOrientationLandscapeRight";
				INFOPLIST_KEY_UISupportedInterfaceOrientations_iPhone = "UIInterfaceOrientationPortrait UIInterfaceOrientationLandscapeLeft UIInterfaceOrientationLandscapeRight";
				LD_RUNPATH_SEARCH_PATHS = (
					"$(inherited)",
					"@executable_path/Frameworks",
				);
				MARKETING_VERSION = 1.0;
				PRODUCT_BUNDLE_IDENTIFIER = com.dwkang.SettingsSwiftUI;
				PRODUCT_NAME = "$(TARGET_NAME)";
				SWIFT_EMIT_LOC_STRINGS = YES;
				SWIFT_VERSION = 5.0;
				TARGETED_DEVICE_FAMILY = "1,2";
			};
			name = Debug;
		};
		3D8533F52979384A004DFB9E /* Release */ = {
			isa = XCBuildConfiguration;
			buildSettings = {
				ASSETCATALOG_COMPILER_APPICON_NAME = AppIcon;
				ASSETCATALOG_COMPILER_GLOBAL_ACCENT_COLOR_NAME = AccentColor;
				CODE_SIGN_STYLE = Automatic;
				CURRENT_PROJECT_VERSION = 1;
				DEVELOPMENT_ASSET_PATHS = "\"SettingsSwiftUI/Preview Content\"";
				DEVELOPMENT_TEAM = LT5ZADXQMP;
				ENABLE_PREVIEWS = YES;
				GENERATE_INFOPLIST_FILE = YES;
				INFOPLIST_KEY_UIApplicationSceneManifest_Generation = YES;
				INFOPLIST_KEY_UIApplicationSupportsIndirectInputEvents = YES;
				INFOPLIST_KEY_UILaunchScreen_Generation = YES;
				INFOPLIST_KEY_UISupportedInterfaceOrientations_iPad = "UIInterfaceOrientationPortrait UIInterfaceOrientationPortraitUpsideDown UIInterfaceOrientationLandscapeLeft UIInterfaceOrientationLandscapeRight";
				INFOPLIST_KEY_UISupportedInterfaceOrientations_iPhone = "UIInterfaceOrientationPortrait UIInterfaceOrientationLandscapeLeft UIInterfaceOrientationLandscapeRight";
				LD_RUNPATH_SEARCH_PATHS = (
					"$(inherited)",
					"@executable_path/Frameworks",
				);
				MARKETING_VERSION = 1.0;
				PRODUCT_BUNDLE_IDENTIFIER = com.dwkang.SettingsSwiftUI;
				PRODUCT_NAME = "$(TARGET_NAME)";
				SWIFT_EMIT_LOC_STRINGS = YES;
				SWIFT_VERSION = 5.0;
				TARGETED_DEVICE_FAMILY = "1,2";
			};
			name = Release;
		};
		3D8533F72979384A004DFB9E /* Debug */ = {
			isa = XCBuildConfiguration;
			buildSettings = {
				ALWAYS_EMBED_SWIFT_STANDARD_LIBRARIES = YES;
				BUNDLE_LOADER = "$(TEST_HOST)";
				CODE_SIGN_STYLE = Automatic;
				CURRENT_PROJECT_VERSION = 1;
				DEVELOPMENT_TEAM = LT5ZADXQMP;
				GENERATE_INFOPLIST_FILE = YES;
				IPHONEOS_DEPLOYMENT_TARGET = 16.2;
				MARKETING_VERSION = 1.0;
				PRODUCT_BUNDLE_IDENTIFIER = com.dwkang.SettingsSwiftUITests;
				PRODUCT_NAME = "$(TARGET_NAME)";
				SWIFT_EMIT_LOC_STRINGS = NO;
				SWIFT_VERSION = 5.0;
				TARGETED_DEVICE_FAMILY = "1,2";
				TEST_HOST = "$(BUILT_PRODUCTS_DIR)/SettingsSwiftUI.app/$(BUNDLE_EXECUTABLE_FOLDER_PATH)/SettingsSwiftUI";
			};
			name = Debug;
		};
		3D8533F82979384A004DFB9E /* Release */ = {
			isa = XCBuildConfiguration;
			buildSettings = {
				ALWAYS_EMBED_SWIFT_STANDARD_LIBRARIES = YES;
				BUNDLE_LOADER = "$(TEST_HOST)";
				CODE_SIGN_STYLE = Automatic;
				CURRENT_PROJECT_VERSION = 1;
				DEVELOPMENT_TEAM = LT5ZADXQMP;
				GENERATE_INFOPLIST_FILE = YES;
				IPHONEOS_DEPLOYMENT_TARGET = 16.2;
				MARKETING_VERSION = 1.0;
				PRODUCT_BUNDLE_IDENTIFIER = com.dwkang.SettingsSwiftUITests;
				PRODUCT_NAME = "$(TARGET_NAME)";
				SWIFT_EMIT_LOC_STRINGS = NO;
				SWIFT_VERSION = 5.0;
				TARGETED_DEVICE_FAMILY = "1,2";
				TEST_HOST = "$(BUILT_PRODUCTS_DIR)/SettingsSwiftUI.app/$(BUNDLE_EXECUTABLE_FOLDER_PATH)/SettingsSwiftUI";
			};
			name = Release;
		};
		3D8533FA2979384A004DFB9E /* Debug */ = {
			isa = XCBuildConfiguration;
			buildSettings = {
				ALWAYS_EMBED_SWIFT_STANDARD_LIBRARIES = YES;
				CODE_SIGN_STYLE = Automatic;
				CURRENT_PROJECT_VERSION = 1;
				DEVELOPMENT_TEAM = LT5ZADXQMP;
				GENERATE_INFOPLIST_FILE = YES;
				MARKETING_VERSION = 1.0;
				PRODUCT_BUNDLE_IDENTIFIER = com.dwkang.SettingsSwiftUIUITests;
				PRODUCT_NAME = "$(TARGET_NAME)";
				SWIFT_EMIT_LOC_STRINGS = NO;
				SWIFT_VERSION = 5.0;
				TARGETED_DEVICE_FAMILY = "1,2";
				TEST_TARGET_NAME = SettingsSwiftUI;
			};
			name = Debug;
		};
		3D8533FB2979384A004DFB9E /* Release */ = {
			isa = XCBuildConfiguration;
			buildSettings = {
				ALWAYS_EMBED_SWIFT_STANDARD_LIBRARIES = YES;
				CODE_SIGN_STYLE = Automatic;
				CURRENT_PROJECT_VERSION = 1;
				DEVELOPMENT_TEAM = LT5ZADXQMP;
				GENERATE_INFOPLIST_FILE = YES;
				MARKETING_VERSION = 1.0;
				PRODUCT_BUNDLE_IDENTIFIER = com.dwkang.SettingsSwiftUIUITests;
				PRODUCT_NAME = "$(TARGET_NAME)";
				SWIFT_EMIT_LOC_STRINGS = NO;
				SWIFT_VERSION = 5.0;
				TARGETED_DEVICE_FAMILY = "1,2";
				TEST_TARGET_NAME = SettingsSwiftUI;
			};
			name = Release;
		};
/* End XCBuildConfiguration section */

/* Begin XCConfigurationList section */
		3D8533CA29793849004DFB9E /* Build configuration list for PBXProject "SettingsSwiftUI" */ = {
			isa = XCConfigurationList;
			buildConfigurations = (
				3D8533F12979384A004DFB9E /* Debug */,
				3D8533F22979384A004DFB9E /* Release */,
			);
			defaultConfigurationIsVisible = 0;
			defaultConfigurationName = Release;
		};
		3D8533F32979384A004DFB9E /* Build configuration list for PBXNativeTarget "SettingsSwiftUI" */ = {
			isa = XCConfigurationList;
			buildConfigurations = (
				3D8533F42979384A004DFB9E /* Debug */,
				3D8533F52979384A004DFB9E /* Release */,
			);
			defaultConfigurationIsVisible = 0;
			defaultConfigurationName = Release;
		};
		3D8533F62979384A004DFB9E /* Build configuration list for PBXNativeTarget "SettingsSwiftUITests" */ = {
			isa = XCConfigurationList;
			buildConfigurations = (
				3D8533F72979384A004DFB9E /* Debug */,
				3D8533F82979384A004DFB9E /* Release */,
			);
			defaultConfigurationIsVisible = 0;
			defaultConfigurationName = Release;
		};
		3D8533F92979384A004DFB9E /* Build configuration list for PBXNativeTarget "SettingsSwiftUIUITests" */ = {
			isa = XCConfigurationList;
			buildConfigurations = (
				3D8533FA2979384A004DFB9E /* Debug */,
				3D8533FB2979384A004DFB9E /* Release */,
			);
			defaultConfigurationIsVisible = 0;
			defaultConfigurationName = Release;
		};
/* End XCConfigurationList section */
	};
	rootObject = 3D8533C729793849004DFB9E /* Project object */;
}
